// !$*UTF8*$!
{
	archiveVersion = 1;
	classes = {
	};
	objectVersion = 56;
	objects = {

/* Begin PBXBuildFile section */
		30A3FDDA2A05083400F2BC34 /* AppDelegate.swift in Sources */ = {isa = PBXBuildFile; fileRef = 30A3FDD92A05083400F2BC34 /* AppDelegate.swift */; };
		30A3FDDC2A05083400F2BC34 /* SceneDelegate.swift in Sources */ = {isa = PBXBuildFile; fileRef = 30A3FDDB2A05083400F2BC34 /* SceneDelegate.swift */; };
		30A3FDDE2A05083400F2BC34 /* ViewController.swift in Sources */ = {isa = PBXBuildFile; fileRef = 30A3FDDD2A05083400F2BC34 /* ViewController.swift */; };
		30A3FDE32A05083900F2BC34 /* Assets.xcassets in Resources */ = {isa = PBXBuildFile; fileRef = 30A3FDE22A05083900F2BC34 /* Assets.xcassets */; };
		30A3FDE62A05083900F2BC34 /* LaunchScreen.storyboard in Resources */ = {isa = PBXBuildFile; fileRef = 30A3FDE42A05083900F2BC34 /* LaunchScreen.storyboard */; };
		30A3FDEE2A05111000F2BC34 /* CustomCell.swift in Sources */ = {isa = PBXBuildFile; fileRef = 30A3FDED2A05110F00F2BC34 /* CustomCell.swift */; };
		30A3FDF02A0A835300F2BC34 /* TableViewHeader.swift in Sources */ = {isa = PBXBuildFile; fileRef = 30A3FDEF2A0A835300F2BC34 /* TableViewHeader.swift */; };
		30A3FDF22A0A85D200F2BC34 /* TableViewFooter.swift in Sources */ = {isa = PBXBuildFile; fileRef = 30A3FDF12A0A85D200F2BC34 /* TableViewFooter.swift */; };
/* End PBXBuildFile section */

/* Begin PBXFileReference section */
		30A3FDD62A05083400F2BC34 /* ProgramaticUIKit.app */ = {isa = PBXFileReference; explicitFileType = wrapper.application; includeInIndex = 0; path = ProgramaticUIKit.app; sourceTree = BUILT_PRODUCTS_DIR; };
		30A3FDD92A05083400F2BC34 /* AppDelegate.swift */ = {isa = PBXFileReference; lastKnownFileType = sourcecode.swift; path = AppDelegate.swift; sourceTree = "<group>"; };
		30A3FDDB2A05083400F2BC34 /* SceneDelegate.swift */ = {isa = PBXFileReference; lastKnownFileType = sourcecode.swift; path = SceneDelegate.swift; sourceTree = "<group>"; };
		30A3FDDD2A05083400F2BC34 /* ViewController.swift */ = {isa = PBXFileReference; lastKnownFileType = sourcecode.swift; path = ViewController.swift; sourceTree = "<group>"; };
		30A3FDE22A05083900F2BC34 /* Assets.xcassets */ = {isa = PBXFileReference; lastKnownFileType = folder.assetcatalog; path = Assets.xcassets; sourceTree = "<group>"; };
		30A3FDE52A05083900F2BC34 /* Base */ = {isa = PBXFileReference; lastKnownFileType = file.storyboard; name = Base; path = Base.lproj/LaunchScreen.storyboard; sourceTree = "<group>"; };
		30A3FDE72A05083900F2BC34 /* Info.plist */ = {isa = PBXFileReference; lastKnownFileType = text.plist.xml; path = Info.plist; sourceTree = "<group>"; };
		30A3FDED2A05110F00F2BC34 /* CustomCell.swift */ = {isa = PBXFileReference; lastKnownFileType = sourcecode.swift; path = CustomCell.swift; sourceTree = "<group>"; };
		30A3FDEF2A0A835300F2BC34 /* TableViewHeader.swift */ = {isa = PBXFileReference; lastKnownFileType = sourcecode.swift; path = TableViewHeader.swift; sourceTree = "<group>"; };
		30A3FDF12A0A85D200F2BC34 /* TableViewFooter.swift */ = {isa = PBXFileReference; lastKnownFileType = sourcecode.swift; path = TableViewFooter.swift; sourceTree = "<group>"; };
/* End PBXFileReference section */

/* Begin PBXFrameworksBuildPhase section */
		30A3FDD32A05083400F2BC34 /* Frameworks */ = {
			isa = PBXFrameworksBuildPhase;
			buildActionMask = 2147483647;
			files = (
			);
			runOnlyForDeploymentPostprocessing = 0;
		};
/* End PBXFrameworksBuildPhase section */

/* Begin PBXGroup section */
		30A3FDCD2A05083400F2BC34 = {
			isa = PBXGroup;
			children = (
				30A3FDD82A05083400F2BC34 /* ProgramaticUIKit */,
				30A3FDD72A05083400F2BC34 /* Products */,
			);
			sourceTree = "<group>";
		};
		30A3FDD72A05083400F2BC34 /* Products */ = {
			isa = PBXGroup;
			children = (
				30A3FDD62A05083400F2BC34 /* ProgramaticUIKit.app */,
			);
			name = Products;
			sourceTree = "<group>";
		};
		30A3FDD82A05083400F2BC34 /* ProgramaticUIKit */ = {
			isa = PBXGroup;
			children = (
				30A3FDD92A05083400F2BC34 /* AppDelegate.swift */,
				30A3FDDB2A05083400F2BC34 /* SceneDelegate.swift */,
				30A3FDDD2A05083400F2BC34 /* ViewController.swift */,
				30A3FDED2A05110F00F2BC34 /* CustomCell.swift */,
				30A3FDEF2A0A835300F2BC34 /* TableViewHeader.swift */,
				30A3FDF12A0A85D200F2BC34 /* TableViewFooter.swift */,
				30A3FDE22A05083900F2BC34 /* Assets.xcassets */,
				30A3FDE42A05083900F2BC34 /* LaunchScreen.storyboard */,
				30A3FDE72A05083900F2BC34 /* Info.plist */,
			);
			path = ProgramaticUIKit;
			sourceTree = "<group>";
		};
/* End PBXGroup section */

/* Begin PBXNativeTarget section */
		30A3FDD52A05083400F2BC34 /* ProgramaticUIKit */ = {
			isa = PBXNativeTarget;
			buildConfigurationList = 30A3FDEA2A05083900F2BC34 /* Build configuration list for PBXNativeTarget "ProgramaticUIKit" */;
			buildPhases = (
				30A3FDD22A05083400F2BC34 /* Sources */,
				30A3FDD32A05083400F2BC34 /* Frameworks */,
				30A3FDD42A05083400F2BC34 /* Resources */,
			);
			buildRules = (
			);
			dependencies = (
			);
			name = ProgramaticUIKit;
			productName = ProgramaticUIKit;
			productReference = 30A3FDD62A05083400F2BC34 /* ProgramaticUIKit.app */;
			productType = "com.apple.product-type.application";
		};
/* End PBXNativeTarget section */

/* Begin PBXProject section */
		30A3FDCE2A05083400F2BC34 /* Project object */ = {
			isa = PBXProject;
			attributes = {
				BuildIndependentTargetsInParallel = 1;
				LastSwiftUpdateCheck = 1410;
				LastUpgradeCheck = 1410;
				TargetAttributes = {
					30A3FDD52A05083400F2BC34 = {
						CreatedOnToolsVersion = 14.1;
					};
				};
			};
			buildConfigurationList = 30A3FDD12A05083400F2BC34 /* Build configuration list for PBXProject "ProgramaticUIKit" */;
			compatibilityVersion = "Xcode 14.0";
			developmentRegion = en;
			hasScannedForEncodings = 0;
			knownRegions = (
				en,
				Base,
			);
			mainGroup = 30A3FDCD2A05083400F2BC34;
			productRefGroup = 30A3FDD72A05083400F2BC34 /* Products */;
			projectDirPath = "";
			projectRoot = "";
			targets = (
				30A3FDD52A05083400F2BC34 /* ProgramaticUIKit */,
			);
		};
/* End PBXProject section */

/* Begin PBXResourcesBuildPhase section */
		30A3FDD42A05083400F2BC34 /* Resources */ = {
			isa = PBXResourcesBuildPhase;
			buildActionMask = 2147483647;
			files = (
				30A3FDE62A05083900F2BC34 /* LaunchScreen.storyboard in Resources */,
				30A3FDE32A05083900F2BC34 /* Assets.xcassets in Resources */,
			);
			runOnlyForDeploymentPostprocessing = 0;
		};
/* End PBXResourcesBuildPhase section */

/* Begin PBXSourcesBuildPhase section */
		30A3FDD22A05083400F2BC34 /* Sources */ = {
			isa = PBXSourcesBuildPhase;
			buildActionMask = 2147483647;
			files = (
				30A3FDF22A0A85D200F2BC34 /* TableViewFooter.swift in Sources */,
				30A3FDDE2A05083400F2BC34 /* ViewController.swift in Sources */,
				30A3FDDA2A05083400F2BC34 /* AppDelegate.swift in Sources */,
				30A3FDF02A0A835300F2BC34 /* TableViewHeader.swift in Sources */,
				30A3FDEE2A05111000F2BC34 /* CustomCell.swift in Sources */,
				30A3FDDC2A05083400F2BC34 /* SceneDelegate.swift in Sources */,
			);
			runOnlyForDeploymentPostprocessing = 0;
		};
/* End PBXSourcesBuildPhase section */

/* Begin PBXVariantGroup section */
		30A3FDE42A05083900F2BC34 /* LaunchScreen.storyboard */ = {
			isa = PBXVariantGroup;
			children = (
				30A3FDE52A05083900F2BC34 /* Base */,
			);
			name = LaunchScreen.storyboard;
			sourceTree = "<group>";
		};
/* End PBXVariantGroup section */

/* Begin XCBuildConfiguration section */
		30A3FDE82A05083900F2BC34 /* Debug */ = {
			isa = XCBuildConfiguration;
			buildSettings = {
				ALWAYS_SEARCH_USER_PATHS = NO;
				CLANG_ANALYZER_NONNULL = YES;
				CLANG_ANALYZER_NUMBER_OBJECT_CONVERSION = YES_AGGRESSIVE;
				CLANG_CXX_LANGUAGE_STANDARD = "gnu++20";
				CLANG_ENABLE_MODULES = YES;
				CLANG_ENABLE_OBJC_ARC = YES;
				CLANG_ENABLE_OBJC_WEAK = YES;
				CLANG_WARN_BLOCK_CAPTURE_AUTORELEASING = YES;
				CLANG_WARN_BOOL_CONVERSION = YES;
				CLANG_WARN_COMMA = YES;
				CLANG_WARN_CONSTANT_CONVERSION = YES;
				CLANG_WARN_DEPRECATED_OBJC_IMPLEMENTATIONS = YES;
				CLANG_WARN_DIRECT_OBJC_ISA_USAGE = YES_ERROR;
				CLANG_WARN_DOCUMENTATION_COMMENTS = YES;
				CLANG_WARN_EMPTY_BODY = YES;
				CLANG_WARN_ENUM_CONVERSION = YES;
				CLANG_WARN_INFINITE_RECURSION = YES;
				CLANG_WARN_INT_CONVERSION = YES;
				CLANG_WARN_NON_LITERAL_NULL_CONVERSION = YES;
				CLANG_WARN_OBJC_IMPLICIT_RETAIN_SELF = YES;
				CLANG_WARN_OBJC_LITERAL_CONVERSION = YES;
				CLANG_WARN_OBJC_ROOT_CLASS = YES_ERROR;
				CLANG_WARN_QUOTED_INCLUDE_IN_FRAMEWORK_HEADER = YES;
				CLANG_WARN_RANGE_LOOP_ANALYSIS = YES;
				CLANG_WARN_STRICT_PROTOTYPES = YES;
				CLANG_WARN_SUSPICIOUS_MOVE = YES;
				CLANG_WARN_UNGUARDED_AVAILABILITY = YES_AGGRESSIVE;
				CLANG_WARN_UNREACHABLE_CODE = YES;
				CLANG_WARN__DUPLICATE_METHOD_MATCH = YES;
				COPY_PHASE_STRIP = NO;
				DEBUG_INFORMATION_FORMAT = dwarf;
				ENABLE_STRICT_OBJC_MSGSEND = YES;
				ENABLE_TESTABILITY = YES;
				GCC_C_LANGUAGE_STANDARD = gnu11;
				GCC_DYNAMIC_NO_PIC = NO;
				GCC_NO_COMMON_BLOCKS = YES;
				GCC_OPTIMIZATION_LEVEL = 0;
				GCC_PREPROCESSOR_DEFINITIONS = (
					"DEBUG=1",
					"$(inherited)",
				);
				GCC_WARN_64_TO_32_BIT_CONVERSION = YES;
				GCC_WARN_ABOUT_RETURN_TYPE = YES_ERROR;
				GCC_WARN_UNDECLARED_SELECTOR = YES;
				GCC_WARN_UNINITIALIZED_AUTOS = YES_AGGRESSIVE;
				GCC_WARN_UNUSED_FUNCTION = YES;
				GCC_WARN_UNUSED_VARIABLE = YES;
				IPHONEOS_DEPLOYMENT_TARGET = 16.1;
				MTL_ENABLE_DEBUG_INFO = INCLUDE_SOURCE;
				MTL_FAST_MATH = YES;
				ONLY_ACTIVE_ARCH = YES;
				SDKROOT = iphoneos;
				SWIFT_ACTIVE_COMPILATION_CONDITIONS = DEBUG;
				SWIFT_OPTIMIZATION_LEVEL = "-Onone";
			};
			name = Debug;
		};
		30A3FDE92A05083900F2BC34 /* Release */ = {
			isa = XCBuildConfiguration;
			buildSettings = {
				ALWAYS_SEARCH_USER_PATHS = NO;
				CLANG_ANALYZER_NONNULL = YES;
				CLANG_ANALYZER_NUMBER_OBJECT_CONVERSION = YES_AGGRESSIVE;
				CLANG_CXX_LANGUAGE_STANDARD = "gnu++20";
				CLANG_ENABLE_MODULES = YES;
				CLANG_ENABLE_OBJC_ARC = YES;
				CLANG_ENABLE_OBJC_WEAK = YES;
				CLANG_WARN_BLOCK_CAPTURE_AUTORELEASING = YES;
				CLANG_WARN_BOOL_CONVERSION = YES;
				CLANG_WARN_COMMA = YES;
				CLANG_WARN_CONSTANT_CONVERSION = YES;
				CLANG_WARN_DEPRECATED_OBJC_IMPLEMENTATIONS = YES;
				CLANG_WARN_DIRECT_OBJC_ISA_USAGE = YES_ERROR;
				CLANG_WARN_DOCUMENTATION_COMMENTS = YES;
				CLANG_WARN_EMPTY_BODY = YES;
				CLANG_WARN_ENUM_CONVERSION = YES;
				CLANG_WARN_INFINITE_RECURSION = YES;
				CLANG_WARN_INT_CONVERSION = YES;
				CLANG_WARN_NON_LITERAL_NULL_CONVERSION = YES;
				CLANG_WARN_OBJC_IMPLICIT_RETAIN_SELF = YES;
				CLANG_WARN_OBJC_LITERAL_CONVERSION = YES;
				CLANG_WARN_OBJC_ROOT_CLASS = YES_ERROR;
				CLANG_WARN_QUOTED_INCLUDE_IN_FRAMEWORK_HEADER = YES;
				CLANG_WARN_RANGE_LOOP_ANALYSIS = YES;
				CLANG_WARN_STRICT_PROTOTYPES = YES;
				CLANG_WARN_SUSPICIOUS_MOVE = YES;
				CLANG_WARN_UNGUARDED_AVAILABILITY = YES_AGGRESSIVE;
				CLANG_WARN_UNREACHABLE_CODE = YES;
				CLANG_WARN__DUPLICATE_METHOD_MATCH = YES;
				COPY_PHASE_STRIP = NO;
				DEBUG_INFORMATION_FORMAT = "dwarf-with-dsym";
				ENABLE_NS_ASSERTIONS = NO;
				ENABLE_STRICT_OBJC_MSGSEND = YES;
				GCC_C_LANGUAGE_STANDARD = gnu11;
				GCC_NO_COMMON_BLOCKS = YES;
				GCC_WARN_64_TO_32_BIT_CONVERSION = YES;
				GCC_WARN_ABOUT_RETURN_TYPE = YES_ERROR;
				GCC_WARN_UNDECLARED_SELECTOR = YES;
				GCC_WARN_UNINITIALIZED_AUTOS = YES_AGGRESSIVE;
				GCC_WARN_UNUSED_FUNCTION = YES;
				GCC_WARN_UNUSED_VARIABLE = YES;
				IPHONEOS_DEPLOYMENT_TARGET = 16.1;
				MTL_ENABLE_DEBUG_INFO = NO;
				MTL_FAST_MATH = YES;
				SDKROOT = iphoneos;
				SWIFT_COMPILATION_MODE = wholemodule;
				SWIFT_OPTIMIZATION_LEVEL = "-O";
				VALIDATE_PRODUCT = YES;
			};
			name = Release;
		};
		30A3FDEB2A05083900F2BC34 /* Debug */ = {
			isa = XCBuildConfiguration;
			buildSettings = {
				ASSETCATALOG_COMPILER_APPICON_NAME = AppIcon;
				ASSETCATALOG_COMPILER_GLOBAL_ACCENT_COLOR_NAME = AccentColor;
				CODE_SIGN_STYLE = Automatic;
				CURRENT_PROJECT_VERSION = 1;
				DEVELOPMENT_TEAM = 2XHKNG8UP2;
				GENERATE_INFOPLIST_FILE = YES;
				INFOPLIST_FILE = ProgramaticUIKit/Info.plist;
				INFOPLIST_KEY_UIApplicationSupportsIndirectInputEvents = YES;
				INFOPLIST_KEY_UILaunchStoryboardName = LaunchScreen;
				INFOPLIST_KEY_UISupportedInterfaceOrientations_iPad = "UIInterfaceOrientationPortrait UIInterfaceOrientationPortraitUpsideDown UIInterfaceOrientationLandscapeLeft UIInterfaceOrientationLandscapeRight";
				INFOPLIST_KEY_UISupportedInterfaceOrientations_iPhone = "UIInterfaceOrientationPortrait UIInterfaceOrientationLandscapeLeft UIInterfaceOrientationLandscapeRight";
				LD_RUNPATH_SEARCH_PATHS = (
					"$(inherited)",
					"@executable_path/Frameworks",
				);
				MARKETING_VERSION = 1.0;
				PRODUCT_BUNDLE_IDENTIFIER = lina.ProgramaticUIKit;
				PRODUCT_NAME = "$(TARGET_NAME)";
				SWIFT_EMIT_LOC_STRINGS = YES;
				SWIFT_VERSION = 5.0;
				TARGETED_DEVICE_FAMILY = "1,2";
			};
			name = Debug;
		};
		30A3FDEC2A05083900F2BC34 /* Release */ = {
			isa = XCBuildConfiguration;
			buildSettings = {
				ASSETCATALOG_COMPILER_APPICON_NAME = AppIcon;
				ASSETCATALOG_COMPILER_GLOBAL_ACCENT_COLOR_NAME = AccentColor;
				CODE_SIGN_STYLE = Automatic;
				CURRENT_PROJECT_VERSION = 1;
				DEVELOPMENT_TEAM = 2XHKNG8UP2;
				GENERATE_INFOPLIST_FILE = YES;
				INFOPLIST_FILE = ProgramaticUIKit/Info.plist;
				INFOPLIST_KEY_UIApplicationSupportsIndirectInputEvents = YES;
				INFOPLIST_KEY_UILaunchStoryboardName = LaunchScreen;
				INFOPLIST_KEY_UISupportedInterfaceOrientations_iPad = "UIInterfaceOrientationPortrait UIInterfaceOrientationPortraitUpsideDown UIInterfaceOrientationLandscapeLeft UIInterfaceOrientationLandscapeRight";
				INFOPLIST_KEY_UISupportedInterfaceOrientations_iPhone = "UIInterfaceOrientationPortrait UIInterfaceOrientationLandscapeLeft UIInterfaceOrientationLandscapeRight";
				LD_RUNPATH_SEARCH_PATHS = (
					"$(inherited)",
					"@executable_path/Frameworks",
				);
				MARKETING_VERSION = 1.0;
				PRODUCT_BUNDLE_IDENTIFIER = lina.ProgramaticUIKit;
				PRODUCT_NAME = "$(TARGET_NAME)";
				SWIFT_EMIT_LOC_STRINGS = YES;
				SWIFT_VERSION = 5.0;
				TARGETED_DEVICE_FAMILY = "1,2";
			};
			name = Release;
		};
/* End XCBuildConfiguration section */

/* Begin XCConfigurationList section */
		30A3FDD12A05083400F2BC34 /* Build configuration list for PBXProject "ProgramaticUIKit" */ = {
			isa = XCConfigurationList;
			buildConfigurations = (
				30A3FDE82A05083900F2BC34 /* Debug */,
				30A3FDE92A05083900F2BC34 /* Release */,
			);
			defaultConfigurationIsVisible = 0;
			defaultConfigurationName = Release;
		};
		30A3FDEA2A05083900F2BC34 /* Build configuration list for PBXNativeTarget "ProgramaticUIKit" */ = {
			isa = XCConfigurationList;
			buildConfigurations = (
				30A3FDEB2A05083900F2BC34 /* Debug */,
				30A3FDEC2A05083900F2BC34 /* Release */,
			);
			defaultConfigurationIsVisible = 0;
			defaultConfigurationName = Release;
		};
/* End XCConfigurationList section */
	};
	rootObject = 30A3FDCE2A05083400F2BC34 /* Project object */;
}
